// !$*UTF8*$!
{
	archiveVersion = 1;
	classes = {
	};
	objectVersion = 50;
	objects = {

/* Begin PBXBuildFile section */
		1B25F79A228AEEB00083EB6D /* AppDelegate.swift in Sources */ = {isa = PBXBuildFile; fileRef = 1B25F799228AEEB00083EB6D /* AppDelegate.swift */; };
		1B25F79C228AEEB00083EB6D /* ViewController.swift in Sources */ = {isa = PBXBuildFile; fileRef = 1B25F79B228AEEB00083EB6D /* ViewController.swift */; };
		1B25F79F228AEEB00083EB6D /* Main.storyboard in Resources */ = {isa = PBXBuildFile; fileRef = 1B25F79D228AEEB00083EB6D /* Main.storyboard */; };
		1B25F7A1228AEEBB0083EB6D /* Assets.xcassets in Resources */ = {isa = PBXBuildFile; fileRef = 1B25F7A0228AEEBB0083EB6D /* Assets.xcassets */; };
		1B25F7A4228AEEBB0083EB6D /* LaunchScreen.storyboard in Resources */ = {isa = PBXBuildFile; fileRef = 1B25F7A2228AEEBB0083EB6D /* LaunchScreen.storyboard */; };
		1B25F7AF228AEEBC0083EB6D /* MyOmikujiAppTests.swift in Sources */ = {isa = PBXBuildFile; fileRef = 1B25F7AE228AEEBC0083EB6D /* MyOmikujiAppTests.swift */; };
		1B25F7BA228AEEBC0083EB6D /* MyOmikujiAppUITests.swift in Sources */ = {isa = PBXBuildFile; fileRef = 1B25F7B9228AEEBC0083EB6D /* MyOmikujiAppUITests.swift */; };
/* End PBXBuildFile section */

/* Begin PBXContainerItemProxy section */
		1B25F7AB228AEEBC0083EB6D /* PBXContainerItemProxy */ = {
			isa = PBXContainerItemProxy;
			containerPortal = 1B25F78E228AEEB00083EB6D /* Project object */;
			proxyType = 1;
			remoteGlobalIDString = 1B25F795228AEEB00083EB6D;
			remoteInfo = MyOmikujiApp;
		};
		1B25F7B6228AEEBC0083EB6D /* PBXContainerItemProxy */ = {
			isa = PBXContainerItemProxy;
			containerPortal = 1B25F78E228AEEB00083EB6D /* Project object */;
			proxyType = 1;
			remoteGlobalIDString = 1B25F795228AEEB00083EB6D;
			remoteInfo = MyOmikujiApp;
		};
/* End PBXContainerItemProxy section */

/* Begin PBXFileReference section */
		1B25F796228AEEB00083EB6D /* MyOmikujiApp.app */ = {isa = PBXFileReference; explicitFileType = wrapper.application; includeInIndex = 0; path = MyOmikujiApp.app; sourceTree = BUILT_PRODUCTS_DIR; };
		1B25F799228AEEB00083EB6D /* AppDelegate.swift */ = {isa = PBXFileReference; lastKnownFileType = sourcecode.swift; path = AppDelegate.swift; sourceTree = "<group>"; };
		1B25F79B228AEEB00083EB6D /* ViewController.swift */ = {isa = PBXFileReference; lastKnownFileType = sourcecode.swift; path = ViewController.swift; sourceTree = "<group>"; };
		1B25F79E228AEEB00083EB6D /* Base */ = {isa = PBXFileReference; lastKnownFileType = file.storyboard; name = Base; path = Base.lproj/Main.storyboard; sourceTree = "<group>"; };
		1B25F7A0228AEEBB0083EB6D /* Assets.xcassets */ = {isa = PBXFileReference; lastKnownFileType = folder.assetcatalog; path = Assets.xcassets; sourceTree = "<group>"; };
		1B25F7A3228AEEBB0083EB6D /* Base */ = {isa = PBXFileReference; lastKnownFileType = file.storyboard; name = Base; path = Base.lproj/LaunchScreen.storyboard; sourceTree = "<group>"; };
		1B25F7A5228AEEBB0083EB6D /* Info.plist */ = {isa = PBXFileReference; lastKnownFileType = text.plist.xml; path = Info.plist; sourceTree = "<group>"; };
		1B25F7AA228AEEBC0083EB6D /* MyOmikujiAppTests.xctest */ = {isa = PBXFileReference; explicitFileType = wrapper.cfbundle; includeInIndex = 0; path = MyOmikujiAppTests.xctest; sourceTree = BUILT_PRODUCTS_DIR; };
		1B25F7AE228AEEBC0083EB6D /* MyOmikujiAppTests.swift */ = {isa = PBXFileReference; lastKnownFileType = sourcecode.swift; path = MyOmikujiAppTests.swift; sourceTree = "<group>"; };
		1B25F7B0228AEEBC0083EB6D /* Info.plist */ = {isa = PBXFileReference; lastKnownFileType = text.plist.xml; path = Info.plist; sourceTree = "<group>"; };
		1B25F7B5228AEEBC0083EB6D /* MyOmikujiAppUITests.xctest */ = {isa = PBXFileReference; explicitFileType = wrapper.cfbundle; includeInIndex = 0; path = MyOmikujiAppUITests.xctest; sourceTree = BUILT_PRODUCTS_DIR; };
		1B25F7B9228AEEBC0083EB6D /* MyOmikujiAppUITests.swift */ = {isa = PBXFileReference; lastKnownFileType = sourcecode.swift; path = MyOmikujiAppUITests.swift; sourceTree = "<group>"; };
		1B25F7BB228AEEBC0083EB6D /* Info.plist */ = {isa = PBXFileReference; lastKnownFileType = text.plist.xml; path = Info.plist; sourceTree = "<group>"; };
/* End PBXFileReference section */

/* Begin PBXFrameworksBuildPhase section */
		1B25F793228AEEB00083EB6D /* Frameworks */ = {
			isa = PBXFrameworksBuildPhase;
			buildActionMask = 2147483647;
			files = (
			);
			runOnlyForDeploymentPostprocessing = 0;
		};
		1B25F7A7228AEEBC0083EB6D /* Frameworks */ = {
			isa = PBXFrameworksBuildPhase;
			buildActionMask = 2147483647;
			files = (
			);
			runOnlyForDeploymentPostprocessing = 0;
		};
		1B25F7B2228AEEBC0083EB6D /* Frameworks */ = {
			isa = PBXFrameworksBuildPhase;
			buildActionMask = 2147483647;
			files = (
			);
			runOnlyForDeploymentPostprocessing = 0;
		};
/* End PBXFrameworksBuildPhase section */

/* Begin PBXGroup section */
		1B25F78D228AEEB00083EB6D = {
			isa = PBXGroup;
			children = (
				1B25F798228AEEB00083EB6D /* MyOmikujiApp */,
				1B25F7AD228AEEBC0083EB6D /* MyOmikujiAppTests */,
				1B25F7B8228AEEBC0083EB6D /* MyOmikujiAppUITests */,
				1B25F797228AEEB00083EB6D /* Products */,
			);
			sourceTree = "<group>";
		};
		1B25F797228AEEB00083EB6D /* Products */ = {
			isa = PBXGroup;
			children = (
				1B25F796228AEEB00083EB6D /* MyOmikujiApp.app */,
				1B25F7AA228AEEBC0083EB6D /* MyOmikujiAppTests.xctest */,
				1B25F7B5228AEEBC0083EB6D /* MyOmikujiAppUITests.xctest */,
			);
			name = Products;
			sourceTree = "<group>";
		};
		1B25F798228AEEB00083EB6D /* MyOmikujiApp */ = {
			isa = PBXGroup;
			children = (
				1B25F799228AEEB00083EB6D /* AppDelegate.swift */,
				1B25F79B228AEEB00083EB6D /* ViewController.swift */,
				1B25F79D228AEEB00083EB6D /* Main.storyboard */,
				1B25F7A0228AEEBB0083EB6D /* Assets.xcassets */,
				1B25F7A2228AEEBB0083EB6D /* LaunchScreen.storyboard */,
				1B25F7A5228AEEBB0083EB6D /* Info.plist */,
			);
			path = MyOmikujiApp;
			sourceTree = "<group>";
		};
		1B25F7AD228AEEBC0083EB6D /* MyOmikujiAppTests */ = {
			isa = PBXGroup;
			children = (
				1B25F7AE228AEEBC0083EB6D /* MyOmikujiAppTests.swift */,
				1B25F7B0228AEEBC0083EB6D /* Info.plist */,
			);
			path = MyOmikujiAppTests;
			sourceTree = "<group>";
		};
		1B25F7B8228AEEBC0083EB6D /* MyOmikujiAppUITests */ = {
			isa = PBXGroup;
			children = (
				1B25F7B9228AEEBC0083EB6D /* MyOmikujiAppUITests.swift */,
				1B25F7BB228AEEBC0083EB6D /* Info.plist */,
			);
			path = MyOmikujiAppUITests;
			sourceTree = "<group>";
		};
/* End PBXGroup section */

/* Begin PBXNativeTarget section */
		1B25F795228AEEB00083EB6D /* MyOmikujiApp */ = {
			isa = PBXNativeTarget;
			buildConfigurationList = 1B25F7BE228AEEBC0083EB6D /* Build configuration list for PBXNativeTarget "MyOmikujiApp" */;
			buildPhases = (
				1B25F792228AEEB00083EB6D /* Sources */,
				1B25F793228AEEB00083EB6D /* Frameworks */,
				1B25F794228AEEB00083EB6D /* Resources */,
			);
			buildRules = (
			);
			dependencies = (
			);
			name = MyOmikujiApp;
			productName = MyOmikujiApp;
			productReference = 1B25F796228AEEB00083EB6D /* MyOmikujiApp.app */;
			productType = "com.apple.product-type.application";
		};
		1B25F7A9228AEEBC0083EB6D /* MyOmikujiAppTests */ = {
			isa = PBXNativeTarget;
			buildConfigurationList = 1B25F7C1228AEEBC0083EB6D /* Build configuration list for PBXNativeTarget "MyOmikujiAppTests" */;
			buildPhases = (
				1B25F7A6228AEEBC0083EB6D /* Sources */,
				1B25F7A7228AEEBC0083EB6D /* Frameworks */,
				1B25F7A8228AEEBC0083EB6D /* Resources */,
			);
			buildRules = (
			);
			dependencies = (
				1B25F7AC228AEEBC0083EB6D /* PBXTargetDependency */,
			);
			name = MyOmikujiAppTests;
			productName = MyOmikujiAppTests;
			productReference = 1B25F7AA228AEEBC0083EB6D /* MyOmikujiAppTests.xctest */;
			productType = "com.apple.product-type.bundle.unit-test";
		};
		1B25F7B4228AEEBC0083EB6D /* MyOmikujiAppUITests */ = {
			isa = PBXNativeTarget;
			buildConfigurationList = 1B25F7C4228AEEBC0083EB6D /* Build configuration list for PBXNativeTarget "MyOmikujiAppUITests" */;
			buildPhases = (
				1B25F7B1228AEEBC0083EB6D /* Sources */,
				1B25F7B2228AEEBC0083EB6D /* Frameworks */,
				1B25F7B3228AEEBC0083EB6D /* Resources */,
			);
			buildRules = (
			);
			dependencies = (
				1B25F7B7228AEEBC0083EB6D /* PBXTargetDependency */,
			);
			name = MyOmikujiAppUITests;
			productName = MyOmikujiAppUITests;
			productReference = 1B25F7B5228AEEBC0083EB6D /* MyOmikujiAppUITests.xctest */;
			productType = "com.apple.product-type.bundle.ui-testing";
		};
/* End PBXNativeTarget section */

/* Begin PBXProject section */
		1B25F78E228AEEB00083EB6D /* Project object */ = {
			isa = PBXProject;
			attributes = {
				LastSwiftUpdateCheck = 1020;
				LastUpgradeCheck = 1020;
				ORGANIZATIONNAME = "Yoshinobu Yamada";
				TargetAttributes = {
					1B25F795228AEEB00083EB6D = {
						CreatedOnToolsVersion = 10.2.1;
					};
					1B25F7A9228AEEBC0083EB6D = {
						CreatedOnToolsVersion = 10.2.1;
						TestTargetID = 1B25F795228AEEB00083EB6D;
					};
					1B25F7B4228AEEBC0083EB6D = {
						CreatedOnToolsVersion = 10.2.1;
						TestTargetID = 1B25F795228AEEB00083EB6D;
					};
				};
			};
			buildConfigurationList = 1B25F791228AEEB00083EB6D /* Build configuration list for PBXProject "MyOmikujiApp" */;
			compatibilityVersion = "Xcode 9.3";
			developmentRegion = en;
			hasScannedForEncodings = 0;
			knownRegions = (
				en,
				Base,
			);
			mainGroup = 1B25F78D228AEEB00083EB6D;
			productRefGroup = 1B25F797228AEEB00083EB6D /* Products */;
			projectDirPath = "";
			projectRoot = "";
			targets = (
				1B25F795228AEEB00083EB6D /* MyOmikujiApp */,
				1B25F7A9228AEEBC0083EB6D /* MyOmikujiAppTests */,
				1B25F7B4228AEEBC0083EB6D /* MyOmikujiAppUITests */,
			);
		};
/* End PBXProject section */

/* Begin PBXResourcesBuildPhase section */
		1B25F794228AEEB00083EB6D /* Resources */ = {
			isa = PBXResourcesBuildPhase;
			buildActionMask = 2147483647;
			files = (
				1B25F7A4228AEEBB0083EB6D /* LaunchScreen.storyboard in Resources */,
				1B25F7A1228AEEBB0083EB6D /* Assets.xcassets in Resources */,
				1B25F79F228AEEB00083EB6D /* Main.storyboard in Resources */,
			);
			runOnlyForDeploymentPostprocessing = 0;
		};
		1B25F7A8228AEEBC0083EB6D /* Resources */ = {
			isa = PBXResourcesBuildPhase;
			buildActionMask = 2147483647;
			files = (
			);
			runOnlyForDeploymentPostprocessing = 0;
		};
		1B25F7B3228AEEBC0083EB6D /* Resources */ = {
			isa = PBXResourcesBuildPhase;
			buildActionMask = 2147483647;
			files = (
			);
			runOnlyForDeploymentPostprocessing = 0;
		};
/* End PBXResourcesBuildPhase section */

/* Begin PBXSourcesBuildPhase section */
		1B25F792228AEEB00083EB6D /* Sources */ = {
			isa = PBXSourcesBuildPhase;
			buildActionMask = 2147483647;
			files = (
				1B25F79C228AEEB00083EB6D /* ViewController.swift in Sources */,
				1B25F79A228AEEB00083EB6D /* AppDelegate.swift in Sources */,
			);
			runOnlyForDeploymentPostprocessing = 0;
		};
		1B25F7A6228AEEBC0083EB6D /* Sources */ = {
			isa = PBXSourcesBuildPhase;
			buildActionMask = 2147483647;
			files = (
				1B25F7AF228AEEBC0083EB6D /* MyOmikujiAppTests.swift in Sources */,
			);
			runOnlyForDeploymentPostprocessing = 0;
		};
		1B25F7B1228AEEBC0083EB6D /* Sources */ = {
			isa = PBXSourcesBuildPhase;
			buildActionMask = 2147483647;
			files = (
				1B25F7BA228AEEBC0083EB6D /* MyOmikujiAppUITests.swift in Sources */,
			);
			runOnlyForDeploymentPostprocessing = 0;
		};
/* End PBXSourcesBuildPhase section */

/* Begin PBXTargetDependency section */
		1B25F7AC228AEEBC0083EB6D /* PBXTargetDependency */ = {
			isa = PBXTargetDependency;
			target = 1B25F795228AEEB00083EB6D /* MyOmikujiApp */;
			targetProxy = 1B25F7AB228AEEBC0083EB6D /* PBXContainerItemProxy */;
		};
		1B25F7B7228AEEBC0083EB6D /* PBXTargetDependency */ = {
			isa = PBXTargetDependency;
			target = 1B25F795228AEEB00083EB6D /* MyOmikujiApp */;
			targetProxy = 1B25F7B6228AEEBC0083EB6D /* PBXContainerItemProxy */;
		};
/* End PBXTargetDependency section */

/* Begin PBXVariantGroup section */
		1B25F79D228AEEB00083EB6D /* Main.storyboard */ = {
			isa = PBXVariantGroup;
			children = (
				1B25F79E228AEEB00083EB6D /* Base */,
			);
			name = Main.storyboard;
			sourceTree = "<group>";
		};
		1B25F7A2228AEEBB0083EB6D /* LaunchScreen.storyboard */ = {
			isa = PBXVariantGroup;
			children = (
				1B25F7A3228AEEBB0083EB6D /* Base */,
			);
			name = LaunchScreen.storyboard;
			sourceTree = "<group>";
		};
/* End PBXVariantGroup section */

/* Begin XCBuildConfiguration section */
		1B25F7BC228AEEBC0083EB6D /* Debug */ = {
			isa = XCBuildConfiguration;
			buildSettings = {
				ALWAYS_SEARCH_USER_PATHS = NO;
				CLANG_ANALYZER_NONNULL = YES;
				CLANG_ANALYZER_NUMBER_OBJECT_CONVERSION = YES_AGGRESSIVE;
				CLANG_CXX_LANGUAGE_STANDARD = "gnu++14";
				CLANG_CXX_LIBRARY = "libc++";
				CLANG_ENABLE_MODULES = YES;
				CLANG_ENABLE_OBJC_ARC = YES;
				CLANG_ENABLE_OBJC_WEAK = YES;
				CLANG_WARN_BLOCK_CAPTURE_AUTORELEASING = YES;
				CLANG_WARN_BOOL_CONVERSION = YES;
				CLANG_WARN_COMMA = YES;
				CLANG_WARN_CONSTANT_CONVERSION = YES;
				CLANG_WARN_DEPRECATED_OBJC_IMPLEMENTATIONS = YES;
				CLANG_WARN_DIRECT_OBJC_ISA_USAGE = YES_ERROR;
				CLANG_WARN_DOCUMENTATION_COMMENTS = YES;
				CLANG_WARN_EMPTY_BODY = YES;
				CLANG_WARN_ENUM_CONVERSION = YES;
				CLANG_WARN_INFINITE_RECURSION = YES;
				CLANG_WARN_INT_CONVERSION = YES;
				CLANG_WARN_NON_LITERAL_NULL_CONVERSION = YES;
				CLANG_WARN_OBJC_IMPLICIT_RETAIN_SELF = YES;
				CLANG_WARN_OBJC_LITERAL_CONVERSION = YES;
				CLANG_WARN_OBJC_ROOT_CLASS = YES_ERROR;
				CLANG_WARN_RANGE_LOOP_ANALYSIS = YES;
				CLANG_WARN_STRICT_PROTOTYPES = YES;
				CLANG_WARN_SUSPICIOUS_MOVE = YES;
				CLANG_WARN_UNGUARDED_AVAILABILITY = YES_AGGRESSIVE;
				CLANG_WARN_UNREACHABLE_CODE = YES;
				CLANG_WARN__DUPLICATE_METHOD_MATCH = YES;
				CODE_SIGN_IDENTITY = "iPhone Developer";
				COPY_PHASE_STRIP = NO;
				DEBUG_INFORMATION_FORMAT = dwarf;
				ENABLE_STRICT_OBJC_MSGSEND = YES;
				ENABLE_TESTABILITY = YES;
				GCC_C_LANGUAGE_STANDARD = gnu11;
				GCC_DYNAMIC_NO_PIC = NO;
				GCC_NO_COMMON_BLOCKS = YES;
				GCC_OPTIMIZATION_LEVEL = 0;
				GCC_PREPROCESSOR_DEFINITIONS = (
					"DEBUG=1",
					"$(inherited)",
				);
				GCC_WARN_64_TO_32_BIT_CONVERSION = YES;
				GCC_WARN_ABOUT_RETURN_TYPE = YES_ERROR;
				GCC_WARN_UNDECLARED_SELECTOR = YES;
				GCC_WARN_UNINITIALIZED_AUTOS = YES_AGGRESSIVE;
				GCC_WARN_UNUSED_FUNCTION = YES;
				GCC_WARN_UNUSED_VARIABLE = YES;
				IPHONEOS_DEPLOYMENT_TARGET = 12.2;
				MTL_ENABLE_DEBUG_INFO = INCLUDE_SOURCE;
				MTL_FAST_MATH = YES;
				ONLY_ACTIVE_ARCH = YES;
				SDKROOT = iphoneos;
				SWIFT_ACTIVE_COMPILATION_CONDITIONS = DEBUG;
				SWIFT_OPTIMIZATION_LEVEL = "-Onone";
			};
			name = Debug;
		};
		1B25F7BD228AEEBC0083EB6D /* Release */ = {
			isa = XCBuildConfiguration;
			buildSettings = {
				ALWAYS_SEARCH_USER_PATHS = NO;
				CLANG_ANALYZER_NONNULL = YES;
				CLANG_ANALYZER_NUMBER_OBJECT_CONVERSION = YES_AGGRESSIVE;
				CLANG_CXX_LANGUAGE_STANDARD = "gnu++14";
				CLANG_CXX_LIBRARY = "libc++";
				CLANG_ENABLE_MODULES = YES;
				CLANG_ENABLE_OBJC_ARC = YES;
				CLANG_ENABLE_OBJC_WEAK = YES;
				CLANG_WARN_BLOCK_CAPTURE_AUTORELEASING = YES;
				CLANG_WARN_BOOL_CONVERSION = YES;
				CLANG_WARN_COMMA = YES;
				CLANG_WARN_CONSTANT_CONVERSION = YES;
				CLANG_WARN_DEPRECATED_OBJC_IMPLEMENTATIONS = YES;
				CLANG_WARN_DIRECT_OBJC_ISA_USAGE = YES_ERROR;
				CLANG_WARN_DOCUMENTATION_COMMENTS = YES;
				CLANG_WARN_EMPTY_BODY = YES;
				CLANG_WARN_ENUM_CONVERSION = YES;
				CLANG_WARN_INFINITE_RECURSION = YES;
				CLANG_WARN_INT_CONVERSION = YES;
				CLANG_WARN_NON_LITERAL_NULL_CONVERSION = YES;
				CLANG_WARN_OBJC_IMPLICIT_RETAIN_SELF = YES;
				CLANG_WARN_OBJC_LITERAL_CONVERSION = YES;
				CLANG_WARN_OBJC_ROOT_CLASS = YES_ERROR;
				CLANG_WARN_RANGE_LOOP_ANALYSIS = YES;
				CLANG_WARN_STRICT_PROTOTYPES = YES;
				CLANG_WARN_SUSPICIOUS_MOVE = YES;
				CLANG_WARN_UNGUARDED_AVAILABILITY = YES_AGGRESSIVE;
				CLANG_WARN_UNREACHABLE_CODE = YES;
				CLANG_WARN__DUPLICATE_METHOD_MATCH = YES;
				CODE_SIGN_IDENTITY = "iPhone Developer";
				COPY_PHASE_STRIP = NO;
				DEBUG_INFORMATION_FORMAT = "dwarf-with-dsym";
				ENABLE_NS_ASSERTIONS = NO;
				ENABLE_STRICT_OBJC_MSGSEND = YES;
				GCC_C_LANGUAGE_STANDARD = gnu11;
				GCC_NO_COMMON_BLOCKS = YES;
				GCC_WARN_64_TO_32_BIT_CONVERSION = YES;
				GCC_WARN_ABOUT_RETURN_TYPE = YES_ERROR;
				GCC_WARN_UNDECLARED_SELECTOR = YES;
				GCC_WARN_UNINITIALIZED_AUTOS = YES_AGGRESSIVE;
				GCC_WARN_UNUSED_FUNCTION = YES;
				GCC_WARN_UNUSED_VARIABLE = YES;
				IPHONEOS_DEPLOYMENT_TARGET = 12.2;
				MTL_ENABLE_DEBUG_INFO = NO;
				MTL_FAST_MATH = YES;
				SDKROOT = iphoneos;
				SWIFT_COMPILATION_MODE = wholemodule;
				SWIFT_OPTIMIZATION_LEVEL = "-O";
				VALIDATE_PRODUCT = YES;
			};
			name = Release;
		};
		1B25F7BF228AEEBC0083EB6D /* Debug */ = {
			isa = XCBuildConfiguration;
			buildSettings = {
				ASSETCATALOG_COMPILER_APPICON_NAME = AppIcon;
				CODE_SIGN_STYLE = Automatic;
				INFOPLIST_FILE = MyOmikujiApp/Info.plist;
				LD_RUNPATH_SEARCH_PATHS = (
					"$(inherited)",
					"@executable_path/Frameworks",
				);
				PRODUCT_BUNDLE_IDENTIFIER = com.yyamada.MyOmikujiApp;
				PRODUCT_NAME = "$(TARGET_NAME)";
				SWIFT_VERSION = 5.0;
				TARGETED_DEVICE_FAMILY = "1,2";
			};
			name = Debug;
		};
		1B25F7C0228AEEBC0083EB6D /* Release */ = {
			isa = XCBuildConfiguration;
			buildSettings = {
				ASSETCATALOG_COMPILER_APPICON_NAME = AppIcon;
				CODE_SIGN_STYLE = Automatic;
				INFOPLIST_FILE = MyOmikujiApp/Info.plist;
				LD_RUNPATH_SEARCH_PATHS = (
					"$(inherited)",
					"@executable_path/Frameworks",
				);
				PRODUCT_BUNDLE_IDENTIFIER = com.yyamada.MyOmikujiApp;
				PRODUCT_NAME = "$(TARGET_NAME)";
				SWIFT_VERSION = 5.0;
				TARGETED_DEVICE_FAMILY = "1,2";
			};
			name = Release;
		};
		1B25F7C2228AEEBC0083EB6D /* Debug */ = {
			isa = XCBuildConfiguration;
			buildSettings = {
				ALWAYS_EMBED_SWIFT_STANDARD_LIBRARIES = YES;
				BUNDLE_LOADER = "$(TEST_HOST)";
				CODE_SIGN_STYLE = Automatic;
				INFOPLIST_FILE = MyOmikujiAppTests/Info.plist;
				LD_RUNPATH_SEARCH_PATHS = (
					"$(inherited)",
					"@executable_path/Frameworks",
					"@loader_path/Frameworks",
				);
				PRODUCT_BUNDLE_IDENTIFIER = com.yyamada.MyOmikujiAppTests;
				PRODUCT_NAME = "$(TARGET_NAME)";
				SWIFT_VERSION = 5.0;
				TARGETED_DEVICE_FAMILY = "1,2";
				TEST_HOST = "$(BUILT_PRODUCTS_DIR)/MyOmikujiApp.app/MyOmikujiApp";
			};
			name = Debug;
		};
		1B25F7C3228AEEBC0083EB6D /* Release */ = {
			isa = XCBuildConfiguration;
			buildSettings = {
				ALWAYS_EMBED_SWIFT_STANDARD_LIBRARIES = YES;
				BUNDLE_LOADER = "$(TEST_HOST)";
				CODE_SIGN_STYLE = Automatic;
				INFOPLIST_FILE = MyOmikujiAppTests/Info.plist;
				LD_RUNPATH_SEARCH_PATHS = (
					"$(inherited)",
					"@executable_path/Frameworks",
					"@loader_path/Frameworks",
				);
				PRODUCT_BUNDLE_IDENTIFIER = com.yyamada.MyOmikujiAppTests;
				PRODUCT_NAME = "$(TARGET_NAME)";
				SWIFT_VERSION = 5.0;
				TARGETED_DEVICE_FAMILY = "1,2";
				TEST_HOST = "$(BUILT_PRODUCTS_DIR)/MyOmikujiApp.app/MyOmikujiApp";
			};
			name = Release;
		};
		1B25F7C5228AEEBC0083EB6D /* Debug */ = {
			isa = XCBuildConfiguration;
			buildSettings = {
				ALWAYS_EMBED_SWIFT_STANDARD_LIBRARIES = YES;
				CODE_SIGN_STYLE = Automatic;
				INFOPLIST_FILE = MyOmikujiAppUITests/Info.plist;
				LD_RUNPATH_SEARCH_PATHS = (
					"$(inherited)",
					"@executable_path/Frameworks",
					"@loader_path/Frameworks",
				);
				PRODUCT_BUNDLE_IDENTIFIER = com.yyamada.MyOmikujiAppUITests;
				PRODUCT_NAME = "$(TARGET_NAME)";
				SWIFT_VERSION = 5.0;
				TARGETED_DEVICE_FAMILY = "1,2";
				TEST_TARGET_NAME = MyOmikujiApp;
			};
			name = Debug;
		};
		1B25F7C6228AEEBC0083EB6D /* Release */ = {
			isa = XCBuildConfiguration;
			buildSettings = {
				ALWAYS_EMBED_SWIFT_STANDARD_LIBRARIES = YES;
				CODE_SIGN_STYLE = Automatic;
				INFOPLIST_FILE = MyOmikujiAppUITests/Info.plist;
				LD_RUNPATH_SEARCH_PATHS = (
					"$(inherited)",
					"@executable_path/Frameworks",
					"@loader_path/Frameworks",
				);
				PRODUCT_BUNDLE_IDENTIFIER = com.yyamada.MyOmikujiAppUITests;
				PRODUCT_NAME = "$(TARGET_NAME)";
				SWIFT_VERSION = 5.0;
				TARGETED_DEVICE_FAMILY = "1,2";
				TEST_TARGET_NAME = MyOmikujiApp;
			};
			name = Release;
		};
/* End XCBuildConfiguration section */

/* Begin XCConfigurationList section */
		1B25F791228AEEB00083EB6D /* Build configuration list for PBXProject "MyOmikujiApp" */ = {
			isa = XCConfigurationList;
			buildConfigurations = (
				1B25F7BC228AEEBC0083EB6D /* Debug */,
				1B25F7BD228AEEBC0083EB6D /* Release */,
			);
			defaultConfigurationIsVisible = 0;
			defaultConfigurationName = Release;
		};
		1B25F7BE228AEEBC0083EB6D /* Build configuration list for PBXNativeTarget "MyOmikujiApp" */ = {
			isa = XCConfigurationList;
			buildConfigurations = (
				1B25F7BF228AEEBC0083EB6D /* Debug */,
				1B25F7C0228AEEBC0083EB6D /* Release */,
			);
			defaultConfigurationIsVisible = 0;
			defaultConfigurationName = Release;
		};
		1B25F7C1228AEEBC0083EB6D /* Build configuration list for PBXNativeTarget "MyOmikujiAppTests" */ = {
			isa = XCConfigurationList;
			buildConfigurations = (
				1B25F7C2228AEEBC0083EB6D /* Debug */,
				1B25F7C3228AEEBC0083EB6D /* Release */,
			);
			defaultConfigurationIsVisible = 0;
			defaultConfigurationName = Release;
		};
		1B25F7C4228AEEBC0083EB6D /* Build configuration list for PBXNativeTarget "MyOmikujiAppUITests" */ = {
			isa = XCConfigurationList;
			buildConfigurations = (
				1B25F7C5228AEEBC0083EB6D /* Debug */,
				1B25F7C6228AEEBC0083EB6D /* Release */,
			);
			defaultConfigurationIsVisible = 0;
			defaultConfigurationName = Release;
		};
/* End XCConfigurationList section */
	};
	rootObject = 1B25F78E228AEEB00083EB6D /* Project object */;
}
